# This file is automatically @generated by Cargo.
# It is not intended for manual editing.
version = 4

[[package]]
name = "arch"
version = "0.1.0"
dependencies = [
 "types",
]

[[package]]
name = "bootblock"
version = "0.1.0"

[[package]]
name = "console"
version = "0.1.0"

[[package]]
name = "drivers"
version = "0.1.0"

[[package]]
name = "fs"
version = "0.1.0"

[[package]]
name = "kernel"
version = "0.1.0"

[[package]]
name = "mm"
version = "0.1.0"

[[package]]
name = "param"
version = "0.1.0"

[[package]]
name = "proc"
version = "0.1.0"

[[package]]
name = "sync"
version = "0.1.0"

[[package]]
name = "syscall"
version = "0.1.0"

[[package]]
name = "types"
version = "0.1.0"

[[package]]
name = "ulib"
version = "0.1.0"

[[package]]
name = "user"
version = "0.1.0"
